
Microsoft Visual Studio Solution File, Format Version 12.00
# Visual Studio Version 17
VisualStudioVersion = 17.14.36327.8 d17.14
MinimumVisualStudioVersion = 10.0.40219.1
Project("{FAE04EC0-301F-11D3-BF4B-00C04F79EFBC}") = "DataverseClient", "DataverseClient\DataverseClient.csproj", "{11A2BCA4-F8F7-4B1D-B319-9CDB6B0FD14E}"
EndProject
Project("{FAE04EC0-301F-11D3-BF4B-00C04F79EFBC}") = "DataverseExport", "DataverseExport\DataverseExport.csproj", "{52E09261-1598-420C-AE2D-C607683F0A32}"
EndProject
Project("{FAE04EC0-301F-11D3-BF4B-00C04F79EFBC}") = "DataverseAddAttributes", "DataverseAddAttributes\DataverseAddAttributes.csproj", "{630FB003-A659-4CE0-A00A-8BD27A300D1A}"
EndProject
Project("{FAE04EC0-301F-11D3-BF4B-00C04F79EFBC}") = "DataverseClientShared", "DataverseClientShared\DataverseClientShared.csproj", "{3870A656-A5D8-47E6-BE82-1CC452151938}"
EndProject
Project("{FAE04EC0-301F-11D3-BF4B-00C04F79EFBC}") = "DataverseClientGet", "DataverseClientGet\DataverseClientGet.csproj", "{CD46C97F-F866-4867-9C35-0E0282C5D3E9}"
EndProject
Global
	GlobalSection(SolutionConfigurationPlatforms) = preSolution
		Debug|Any CPU = Debug|Any CPU
		Release|Any CPU = Release|Any CPU
	EndGlobalSection
	GlobalSection(ProjectConfigurationPlatforms) = postSolution
		{11A2BCA4-F8F7-4B1D-B319-9CDB6B0FD14E}.Debug|Any CPU.ActiveCfg = Debug|Any CPU
		{11A2BCA4-F8F7-4B1D-B319-9CDB6B0FD14E}.Debug|Any CPU.Build.0 = Debug|Any CPU
		{11A2BCA4-F8F7-4B1D-B319-9CDB6B0FD14E}.Release|Any CPU.ActiveCfg = Release|Any CPU
		{11A2BCA4-F8F7-4B1D-B319-9CDB6B0FD14E}.Release|Any CPU.Build.0 = Release|Any CPU
		{52E09261-1598-420C-AE2D-C607683F0A32}.Debug|Any CPU.ActiveCfg = Debug|Any CPU
		{52E09261-1598-420C-AE2D-C607683F0A32}.Debug|Any CPU.Build.0 = Debug|Any CPU
		{52E09261-1598-420C-AE2D-C607683F0A32}.Release|Any CPU.ActiveCfg = Release|Any CPU
		{52E09261-1598-420C-AE2D-C607683F0A32}.Release|Any CPU.Build.0 = Release|Any CPU
		{630FB003-A659-4CE0-A00A-8BD27A300D1A}.Debug|Any CPU.ActiveCfg = Debug|Any CPU
		{630FB003-A659-4CE0-A00A-8BD27A300D1A}.Debug|Any CPU.Build.0 = Debug|Any CPU
		{630FB003-A659-4CE0-A00A-8BD27A300D1A}.Release|Any CPU.ActiveCfg = Release|Any CPU
		{630FB003-A659-4CE0-A00A-8BD27A300D1A}.Release|Any CPU.Build.0 = Release|Any CPU
		{3870A656-A5D8-47E6-BE82-1CC452151938}.Debug|Any CPU.ActiveCfg = Debug|Any CPU
		{3870A656-A5D8-47E6-BE82-1CC452151938}.Debug|Any CPU.Build.0 = Debug|Any CPU
		{3870A656-A5D8-47E6-BE82-1CC452151938}.Release|Any CPU.ActiveCfg = Release|Any CPU
		{3870A656-A5D8-47E6-BE82-1CC452151938}.Release|Any CPU.Build.0 = Release|Any CPU
		{CD46C97F-F866-4867-9C35-0E0282C5D3E9}.Debug|Any CPU.ActiveCfg = Debug|Any CPU
		{CD46C97F-F866-4867-9C35-0E0282C5D3E9}.Debug|Any CPU.Build.0 = Debug|Any CPU
		{CD46C97F-F866-4867-9C35-0E0282C5D3E9}.Release|Any CPU.ActiveCfg = Release|Any CPU
		{CD46C97F-F866-4867-9C35-0E0282C5D3E9}.Release|Any CPU.Build.0 = Release|Any CPU
	EndGlobalSection
	GlobalSection(SolutionProperties) = preSolution
		HideSolutionNode = FALSE
	EndGlobalSection
	GlobalSection(ExtensibilityGlobals) = postSolution
		SolutionGuid = {ABCF7E5D-5F34-413B-9848-12A56A2ED406}
	EndGlobalSection
EndGlobal
